
Microsoft Visual Studio Solution File, Format Version 12.00
# Visual Studio 15
VisualStudioVersion = 15.0.28010.2048
MinimumVisualStudioVersion = 10.0.40219.1
Project("{FAE04EC0-301F-11D3-BF4B-00C04F79EFBC}") = "MegaDeskWeb", "MegaDeskWeb\MegaDeskWeb.csproj", "{CAD2E816-99C5-4985-8485-4895451E875A}"
EndProject
Global
	GlobalSection(SolutionConfigurationPlatforms) = preSolution
		Debug|Any CPU = Debug|Any CPU
		Release|Any CPU = Release|Any CPU
	EndGlobalSection
	GlobalSection(ProjectConfigurationPlatforms) = postSolution
		{CAD2E816-99C5-4985-8485-4895451E875A}.Debug|Any CPU.ActiveCfg = Debug|Any CPU
		{CAD2E816-99C5-4985-8485-4895451E875A}.Debug|Any CPU.Build.0 = Debug|Any CPU
		{CAD2E816-99C5-4985-8485-4895451E875A}.Release|Any CPU.ActiveCfg = Release|Any CPU
		{CAD2E816-99C5-4985-8485-4895451E875A}.Release|Any CPU.Build.0 = Release|Any CPU
	EndGlobalSection
	GlobalSection(SolutionProperties) = preSolution
		HideSolutionNode = FALSE
	EndGlobalSection
	GlobalSection(ExtensibilityGlobals) = postSolution
		SolutionGuid = {5AE37DE6-6554-41C9-99D4-05A3BE2CBCC3}
	EndGlobalSection
EndGlobal
